{"format_version":"1.1","terraform_version":"1.3.7","variables":{"kind_cluster_config_path":{"value":"~/.kube/config"},"kind_cluster_name":{"value":"ortelius"},"localstack_namespace":{"value":"localstack"},"ortelius_namespace":{"value":"ortelius"}},"planned_values":{"root_module":{"resources":[{"address":"aws_s3_bucket.ortelius_bucket","mode":"managed","type":"aws_s3_bucket","name":"ortelius_bucket","provider_name":"registry.terraform.io/hashicorp/aws","schema_version":0,"values":{"bucket":"ortelius-bucket","bucket_prefix":null,"force_destroy":false,"tags":null,"timeouts":null},"sensitive_values":{"cors_rule":[],"grant":[],"lifecycle_rule":[],"logging":[],"object_lock_configuration":[],"replication_configuration":[],"server_side_encryption_configuration":[],"tags_all":{},"versioning":[],"website":[]}},{"address":"helm_release.localstack","mode":"managed","type":"helm_release","name":"localstack","provider_name":"registry.terraform.io/hashicorp/helm","schema_version":0,"values":{"atomic":false,"chart":"localstack","cleanup_on_fail":false,"create_namespace":true,"dependency_update":false,"description":null,"devel":null,"disable_crd_hooks":false,"disable_openapi_validation":false,"disable_webhooks":false,"force_update":false,"keyring":null,"lint":false,"max_history":0,"name":"localstack","namespace":"localstack","pass_credentials":false,"postrender":[],"recreate_pods":true,"render_subchart_notes":true,"replace":false,"repository":"https://helm.localstack.cloud","repository_ca_file":null,"repository_cert_file":null,"repository_key_file":null,"repository_password":null,"repository_username":null,"reset_values":false,"reuse_values":false,"set":[],"set_sensitive":[],"skip_crds":false,"status":"deployed","timeout":600,"values":null,"verify":false,"version":"0.5.3","wait":true,"wait_for_jobs":false},"sensitive_values":{"metadata":[],"postrender":[],"set":[],"set_sensitive":[]}},{"address":"helm_release.ortelius","mode":"managed","type":"helm_release","name":"ortelius","provider_name":"registry.terraform.io/hashicorp/helm","schema_version":0,"values":{"atomic":false,"chart":"ortelius","cleanup_on_fail":false,"create_namespace":true,"dependency_update":false,"description":null,"devel":null,"disable_crd_hooks":false,"disable_openapi_validation":false,"disable_webhooks":false,"force_update":false,"keyring":null,"lint":false,"max_history":0,"name":"ortelius","namespace":"ortelius","pass_credentials":false,"postrender":[],"recreate_pods":true,"render_subchart_notes":true,"replace":false,"repository":"https://ortelius.github.io/ortelius-charts/","repository_ca_file":null,"repository_cert_file":null,"repository_key_file":null,"repository_password":null,"repository_username":null,"reset_values":false,"reuse_values":false,"set":[],"set_sensitive":[],"skip_crds":false,"status":"deployed","timeout":600,"values":["# Default values for ms-nginx.\n# This is a YAML-formatted file.\n# Declare variables to be passed into your templates.\nreplicaCount: 1\nimage:\n  repository: quay.io/ortelius/ms-nginx\n  tag: svc_cat-v10.0.30-g0e1144\n  sha: sha256:2b888db6a207dbe01e83f42fd2af96a8863c3d7500fb51e8bb86eabf02a99e23\n  pullPolicy: Always\ningress:\n  enum:\n    alb: \"OFF\"\n    volumemnt: \"\"\n    sslcert: \"ON\"\n    ssloff: \"OFF\"\n  type: ssloff # alb, volumemnt, sslcert, ssloff\n  alb_certificate_arn:\n  alb_subnets:\n  dnsname: console.ortelius.io\n  sslcert:\n    chainedcert: |\n      -----BEGIN CERTIFICATE-----\n      -----END CERTIFICATE-----\n    privatekkey: |\n      -----BEGIN PRIVATE KEY-----\n      -----END PRIVATE KEY-----\n  ports:\n    - port: 80\n      targetPort: 80\n      protocol: TCP\n      name: http\n      nodePort: 30341\n    - port: 443\n      targetPort: 443\n      protocol: TCP\n      name: https\n      nodePort: 31566\n"],"verify":false,"version":"10.0.53","wait":true,"wait_for_jobs":false},"sensitive_values":{"metadata":[],"postrender":[],"set":[],"set_sensitive":[],"values":[false]}},{"address":"kind_cluster.ortelius","mode":"managed","type":"kind_cluster","name":"ortelius","provider_name":"registry.terraform.io/tehcyx/kind","schema_version":0,"values":{"kind_config":[{"api_version":"kind.x-k8s.io/v1alpha4","containerd_config_patches":null,"kind":"Cluster","networking":[],"node":[{"extra_mounts":[],"extra_port_mappings":[{"container_port":30341,"host_port":80,"listen_address":"0.0.0.0","protocol":null},{"container_port":32089,"host_port":443,"listen_address":"0.0.0.0","protocol":null},{"container_port":31566,"host_port":4566,"listen_address":"0.0.0.0","protocol":null}],"image":null,"kubeadm_config_patches":["kind: InitConfiguration\nnodeRegistration:\n  kubeletExtraArgs:\n    node-labels: \"kubernetes.io/os=linux\"\n"],"labels":null,"role":"control-plane"},{"extra_mounts":[],"extra_port_mappings":[],"image":null,"kubeadm_config_patches":null,"labels":null,"role":"worker"}]}],"kubeconfig_path":"/Users/tvl/.kube/config","name":"ortelius","node_image":"kindest/node:v1.25.3","timeouts":null,"wait_for_ready":true},"sensitive_values":{"kind_config":[{"networking":[],"node":[{"extra_mounts":[],"extra_port_mappings":[{},{},{}],"kubeadm_config_patches":[false]},{"extra_mounts":[],"extra_port_mappings":[]}]}]}}]}},"resource_changes":[{"address":"aws_s3_bucket.ortelius_bucket","mode":"managed","type":"aws_s3_bucket","name":"ortelius_bucket","provider_name":"registry.terraform.io/hashicorp/aws","change":{"actions":["create"],"before":null,"after":{"bucket":"ortelius-bucket","bucket_prefix":null,"force_destroy":false,"tags":null,"timeouts":null},"after_unknown":{"acceleration_status":true,"acl":true,"arn":true,"bucket_domain_name":true,"bucket_regional_domain_name":true,"cors_rule":true,"grant":true,"hosted_zone_id":true,"id":true,"lifecycle_rule":true,"logging":true,"object_lock_configuration":true,"object_lock_enabled":true,"policy":true,"region":true,"replication_configuration":true,"request_payer":true,"server_side_encryption_configuration":true,"tags_all":true,"versioning":true,"website":true,"website_domain":true,"website_endpoint":true},"before_sensitive":false,"after_sensitive":{"cors_rule":[],"grant":[],"lifecycle_rule":[],"logging":[],"object_lock_configuration":[],"replication_configuration":[],"server_side_encryption_configuration":[],"tags_all":{},"versioning":[],"website":[]}}},{"address":"helm_release.localstack","mode":"managed","type":"helm_release","name":"localstack","provider_name":"registry.terraform.io/hashicorp/helm","change":{"actions":["create"],"before":null,"after":{"atomic":false,"chart":"localstack","cleanup_on_fail":false,"create_namespace":true,"dependency_update":false,"description":null,"devel":null,"disable_crd_hooks":false,"disable_openapi_validation":false,"disable_webhooks":false,"force_update":false,"keyring":null,"lint":false,"max_history":0,"name":"localstack","namespace":"localstack","pass_credentials":false,"postrender":[],"recreate_pods":true,"render_subchart_notes":true,"replace":false,"repository":"https://helm.localstack.cloud","repository_ca_file":null,"repository_cert_file":null,"repository_key_file":null,"repository_password":null,"repository_username":null,"reset_values":false,"reuse_values":false,"set":[],"set_sensitive":[],"skip_crds":false,"status":"deployed","timeout":600,"values":null,"verify":false,"version":"0.5.3","wait":true,"wait_for_jobs":false},"after_unknown":{"id":true,"manifest":true,"metadata":true,"postrender":[],"set":[],"set_sensitive":[]},"before_sensitive":false,"after_sensitive":{"metadata":[],"postrender":[],"repository_password":true,"set":[],"set_sensitive":[]}}},{"address":"helm_release.ortelius","mode":"managed","type":"helm_release","name":"ortelius","provider_name":"registry.terraform.io/hashicorp/helm","change":{"actions":["create"],"before":null,"after":{"atomic":false,"chart":"ortelius","cleanup_on_fail":false,"create_namespace":true,"dependency_update":false,"description":null,"devel":null,"disable_crd_hooks":false,"disable_openapi_validation":false,"disable_webhooks":false,"force_update":false,"keyring":null,"lint":false,"max_history":0,"name":"ortelius","namespace":"ortelius","pass_credentials":false,"postrender":[],"recreate_pods":true,"render_subchart_notes":true,"replace":false,"repository":"https://ortelius.github.io/ortelius-charts/","repository_ca_file":null,"repository_cert_file":null,"repository_key_file":null,"repository_password":null,"repository_username":null,"reset_values":false,"reuse_values":false,"set":[],"set_sensitive":[],"skip_crds":false,"status":"deployed","timeout":600,"values":["# Default values for ms-nginx.\n# This is a YAML-formatted file.\n# Declare variables to be passed into your templates.\nreplicaCount: 1\nimage:\n  repository: quay.io/ortelius/ms-nginx\n  tag: svc_cat-v10.0.30-g0e1144\n  sha: sha256:2b888db6a207dbe01e83f42fd2af96a8863c3d7500fb51e8bb86eabf02a99e23\n  pullPolicy: Always\ningress:\n  enum:\n    alb: \"OFF\"\n    volumemnt: \"\"\n    sslcert: \"ON\"\n    ssloff: \"OFF\"\n  type: ssloff # alb, volumemnt, sslcert, ssloff\n  alb_certificate_arn:\n  alb_subnets:\n  dnsname: console.ortelius.io\n  sslcert:\n    chainedcert: |\n      -----BEGIN CERTIFICATE-----\n      -----END CERTIFICATE-----\n    privatekkey: |\n      -----BEGIN PRIVATE KEY-----\n      -----END PRIVATE KEY-----\n  ports:\n    - port: 80\n      targetPort: 80\n      protocol: TCP\n      name: http\n      nodePort: 30341\n    - port: 443\n      targetPort: 443\n      protocol: TCP\n      name: https\n      nodePort: 31566\n"],"verify":false,"version":"10.0.53","wait":true,"wait_for_jobs":false},"after_unknown":{"id":true,"manifest":true,"metadata":true,"postrender":[],"set":[],"set_sensitive":[],"values":[false]},"before_sensitive":false,"after_sensitive":{"metadata":[],"postrender":[],"repository_password":true,"set":[],"set_sensitive":[],"values":[false]}}},{"address":"kind_cluster.ortelius","mode":"managed","type":"kind_cluster","name":"ortelius","provider_name":"registry.terraform.io/tehcyx/kind","change":{"actions":["create"],"before":null,"after":{"kind_config":[{"api_version":"kind.x-k8s.io/v1alpha4","containerd_config_patches":null,"kind":"Cluster","networking":[],"node":[{"extra_mounts":[],"extra_port_mappings":[{"container_port":30341,"host_port":80,"listen_address":"0.0.0.0","protocol":null},{"container_port":32089,"host_port":443,"listen_address":"0.0.0.0","protocol":null},{"container_port":31566,"host_port":4566,"listen_address":"0.0.0.0","protocol":null}],"image":null,"kubeadm_config_patches":["kind: InitConfiguration\nnodeRegistration:\n  kubeletExtraArgs:\n    node-labels: \"kubernetes.io/os=linux\"\n"],"labels":null,"role":"control-plane"},{"extra_mounts":[],"extra_port_mappings":[],"image":null,"kubeadm_config_patches":null,"labels":null,"role":"worker"}]}],"kubeconfig_path":"/Users/tvl/.kube/config","name":"ortelius","node_image":"kindest/node:v1.25.3","timeouts":null,"wait_for_ready":true},"after_unknown":{"client_certificate":true,"client_key":true,"cluster_ca_certificate":true,"completed":true,"endpoint":true,"id":true,"kind_config":[{"networking":[],"node":[{"extra_mounts":[],"extra_port_mappings":[{},{},{}],"kubeadm_config_patches":[false]},{"extra_mounts":[],"extra_port_mappings":[]}]}],"kubeconfig":true},"before_sensitive":false,"after_sensitive":{"kind_config":[{"networking":[],"node":[{"extra_mounts":[],"extra_port_mappings":[{},{},{}],"kubeadm_config_patches":[false]},{"extra_mounts":[],"extra_port_mappings":[]}]}]}}}],"configuration":{"provider_config":{"aws":{"name":"aws","full_name":"registry.terraform.io/hashicorp/aws","version_constraint":"~\u003e 4.52.0","expressions":{"access_key":{"constant_value":"test"},"endpoints":[{"apigateway":{"constant_value":"http://localhost:4566"},"apigatewayv2":{"constant_value":"http://localhost:4566"},"cloudformation":{"constant_value":"http://localhost:4566"},"cloudwatch":{"constant_value":"http://localhost:4566"},"dynamodb":{"constant_value":"http://localhost:4566"},"ec2":{"constant_value":"http://localhost:4566"},"elasticache":{"constant_value":"http://localhost:4566"},"es":{"constant_value":"http://localhost:4566"},"firehose":{"constant_value":"http://localhost:4566"},"iam":{"constant_value":"http://localhost:4566"},"kinesis":{"constant_value":"http://localhost:4566"},"lambda":{"constant_value":"http://localhost:4566"},"rds":{"constant_value":"http://localhost:4566"},"redshift":{"constant_value":"http://localhost:4566"},"route53":{"constant_value":"http://localhost:4566"},"s3":{"constant_value":"http://s3.local.gd:4566"},"secretsmanager":{"constant_value":"http://localhost:4566"},"ses":{"constant_value":"http://localhost:4566"},"sns":{"constant_value":"http://localhost:4566"},"sqs":{"constant_value":"http://localhost:4566"},"ssm":{"constant_value":"http://localhost:4566"},"stepfunctions":{"constant_value":"http://localhost:4566"},"sts":{"constant_value":"http://localhost:4566"}}],"region":{"constant_value":"us-east-1"},"s3_use_path_style":{"constant_value":true},"secret_key":{"constant_value":"test"},"skip_credentials_validation":{"constant_value":true},"skip_metadata_api_check":{"constant_value":true},"skip_requesting_account_id":{"constant_value":true}}},"helm":{"name":"helm","full_name":"registry.terraform.io/hashicorp/helm","version_constraint":"~\u003e 2.7.1","expressions":{"debug":{"constant_value":true},"kubernetes":[{"client_certificate":{"references":["kind_cluster.ortelius.client_certificate","kind_cluster.ortelius"]},"client_key":{"references":["kind_cluster.ortelius.client_key","kind_cluster.ortelius"]},"cluster_ca_certificate":{"references":["kind_cluster.ortelius.cluster_ca_certificate","kind_cluster.ortelius"]},"config_path":{"references":["var.kind_cluster_config_path"]},"host":{"references":["kind_cluster.ortelius.endpoint","kind_cluster.ortelius"]}}]}},"kind":{"name":"kind","full_name":"registry.terraform.io/tehcyx/kind","version_constraint":"~\u003e 0.0.15"},"kubectl":{"name":"kubectl","full_name":"registry.terraform.io/gavinbunney/kubectl","version_constraint":"~\u003e 1.14.0","expressions":{"apply_retry_count":{"constant_value":15},"client_certificate":{"references":["kind_cluster.ortelius.client_certificate","kind_cluster.ortelius"]},"client_key":{"references":["kind_cluster.ortelius.client_key","kind_cluster.ortelius"]},"cluster_ca_certificate":{"references":["kind_cluster.ortelius.cluster_ca_certificate","kind_cluster.ortelius"]},"host":{"references":["kind_cluster.ortelius.endpoint","kind_cluster.ortelius"]},"load_config_file":{"constant_value":false}}}},"root_module":{"resources":[{"address":"aws_s3_bucket.ortelius_bucket","mode":"managed","type":"aws_s3_bucket","name":"ortelius_bucket","provider_config_key":"aws","expressions":{"bucket":{"constant_value":"ortelius-bucket"}},"schema_version":0,"depends_on":["helm_release.localstack"]},{"address":"helm_release.localstack","mode":"managed","type":"helm_release","name":"localstack","provider_config_key":"helm","expressions":{"chart":{"constant_value":"localstack"},"create_namespace":{"constant_value":true},"name":{"constant_value":"localstack"},"namespace":{"references":["var.localstack_namespace"]},"recreate_pods":{"constant_value":true},"repository":{"constant_value":"https://helm.localstack.cloud"},"timeout":{"constant_value":600}},"schema_version":0,"depends_on":["kind_cluster.ortelius"]},{"address":"helm_release.ortelius","mode":"managed","type":"helm_release","name":"ortelius","provider_config_key":"helm","expressions":{"chart":{"constant_value":"ortelius"},"create_namespace":{"constant_value":true},"name":{"constant_value":"ortelius"},"namespace":{"references":["var.ortelius_namespace"]},"recreate_pods":{"constant_value":true},"repository":{"constant_value":"https://ortelius.github.io/ortelius-charts/"},"timeout":{"constant_value":600},"values":{}},"schema_version":0,"depends_on":["kind_cluster.ortelius"]},{"address":"kind_cluster.ortelius","mode":"managed","type":"kind_cluster","name":"ortelius","provider_config_key":"kind","expressions":{"kind_config":[{"api_version":{"constant_value":"kind.x-k8s.io/v1alpha4"},"kind":{"constant_value":"Cluster"},"node":[{"extra_port_mappings":[{"container_port":{"constant_value":30341},"host_port":{"constant_value":80},"listen_address":{"constant_value":"0.0.0.0"}},{"container_port":{"constant_value":32089},"host_port":{"constant_value":443},"listen_address":{"constant_value":"0.0.0.0"}},{"container_port":{"constant_value":31566},"host_port":{"constant_value":4566},"listen_address":{"constant_value":"0.0.0.0"}}],"kubeadm_config_patches":{"constant_value":["kind: InitConfiguration\nnodeRegistration:\n  kubeletExtraArgs:\n    node-labels: \"kubernetes.io/os=linux\"\n"]},"role":{"constant_value":"control-plane"}},{"role":{"constant_value":"worker"}}]}],"kubeconfig_path":{"references":["var.kind_cluster_config_path"]},"name":{"references":["var.kind_cluster_name"]},"node_image":{"constant_value":"kindest/node:v1.25.3"},"wait_for_ready":{"constant_value":true}},"schema_version":0}],"variables":{"kind_cluster_config_path":{"default":"~/.kube/config","description":"Cluster's kubeconfig location"},"kind_cluster_name":{"default":"ortelius","description":"The name of the cluster"},"localstack_namespace":{"default":"localstack","description":"The Localstack namespace"},"ortelius_namespace":{"default":"ortelius","description":"The Ortelius namespace"}}}}}
