dependencies:
- name: ms-dep-pkg-cud
  repository: https://ortelius.github.io/ms-dep-pkg-cud/
  version: 10.0.2
- name: ms-dep-pkg-r
  repository: https://ortelius.github.io/ms-dep-pkg-r/
  version: 10.0.4
- name: ms-textfile-crud
  repository: https://ortelius.github.io/ms-textfile-crud/
  version: 10.0.9
- name: ms-compitem-crud
  repository: https://ortelius.github.io/ms-compitem-crud/
  version: 10.0.3
- name: ms-validate-user
  repository: https://ortelius.github.io/ms-validate-user/
  version: 10.0.9
- name: ms-scorecard
  repository: https://ortelius.github.io/ms-scorecard/
  version: 10.0.48
- name: ms-general
  repository: https://ortelius.github.io/ortelius/
  version: 10.0.30
- name: ms-nginx
  repository: https://ortelius.github.io/ortelius/
  version: 10.0.30
- name: ms-ui
  repository: https://ortelius.github.io/ortelius/
  version: 10.0.30
digest: sha256:44e57d2e702bbfd236e9fc0223bbe968a232ee044dc52455f459d1ee43993504
generated: "2022-12-19T17:07:50.812617584Z"
